
Microsoft Visual Studio Solution File, Format Version 12.00
# Visual Studio Version 17
VisualStudioVersion = 17.8.34525.116
MinimumVisualStudioVersion = 10.0.40219.1
Project("{FAE04EC0-301F-11D3-BF4B-00C04F79EFBC}") = "HackOnWeb.Server", "HackOnWeb.Server\HackOnWeb.Server.csproj", "{2106334E-DF54-46A5-B641-BA42B6B735A5}"
EndProject
Project("{54A90642-561A-4BB1-A94E-469ADEE60C69}") = "hackonweb.client", "hackonweb.client\hackonweb.client.esproj", "{134A10E3-417D-4073-B2EC-E032ECDA39A9}"
EndProject
Global
	GlobalSection(SolutionConfigurationPlatforms) = preSolution
		Debug|Any CPU = Debug|Any CPU
		Release|Any CPU = Release|Any CPU
	EndGlobalSection
	GlobalSection(ProjectConfigurationPlatforms) = postSolution
		{2106334E-DF54-46A5-B641-BA42B6B735A5}.Debug|Any CPU.ActiveCfg = Debug|Any CPU
		{2106334E-DF54-46A5-B641-BA42B6B735A5}.Debug|Any CPU.Build.0 = Debug|Any CPU
		{2106334E-DF54-46A5-B641-BA42B6B735A5}.Release|Any CPU.ActiveCfg = Release|Any CPU
		{2106334E-DF54-46A5-B641-BA42B6B735A5}.Release|Any CPU.Build.0 = Release|Any CPU
		{134A10E3-417D-4073-B2EC-E032ECDA39A9}.Debug|Any CPU.ActiveCfg = Debug|Any CPU
		{134A10E3-417D-4073-B2EC-E032ECDA39A9}.Debug|Any CPU.Build.0 = Debug|Any CPU
		{134A10E3-417D-4073-B2EC-E032ECDA39A9}.Debug|Any CPU.Deploy.0 = Debug|Any CPU
		{134A10E3-417D-4073-B2EC-E032ECDA39A9}.Release|Any CPU.ActiveCfg = Release|Any CPU
		{134A10E3-417D-4073-B2EC-E032ECDA39A9}.Release|Any CPU.Build.0 = Release|Any CPU
		{134A10E3-417D-4073-B2EC-E032ECDA39A9}.Release|Any CPU.Deploy.0 = Release|Any CPU
	EndGlobalSection
	GlobalSection(SolutionProperties) = preSolution
		HideSolutionNode = FALSE
	EndGlobalSection
	GlobalSection(ExtensibilityGlobals) = postSolution
		SolutionGuid = {D02A7E35-1E8D-41FD-88DF-49E5E6E52C62}
	EndGlobalSection
EndGlobal
